// !$*UTF8*$!
{
	archiveVersion = 1;
	classes = {
	};
	objectVersion = 56;
	objects = {

/* Begin PBXBuildFile section */
		1CDA396529FF974F006594E7 /* ObstacleDetectionApp.swift in Sources */ = {isa = PBXBuildFile; fileRef = 1CDA396429FF974F006594E7 /* ObstacleDetectionApp.swift */; };
		1CDA396729FF974F006594E7 /* ContentView.swift in Sources */ = {isa = PBXBuildFile; fileRef = 1CDA396629FF974F006594E7 /* ContentView.swift */; };
		1CDA396929FF974F006594E7 /* Assets.xcassets in Resources */ = {isa = PBXBuildFile; fileRef = 1CDA396829FF974F006594E7 /* Assets.xcassets */; };
		1CDA396C29FF974F006594E7 /* Preview Assets.xcassets in Resources */ = {isa = PBXBuildFile; fileRef = 1CDA396B29FF974F006594E7 /* Preview Assets.xcassets */; };
		1CDA397329FF9766006594E7 /* CameraView.swift in Sources */ = {isa = PBXBuildFile; fileRef = 1CDA397229FF9766006594E7 /* CameraView.swift */; };
		1CDA397529FF9841006594E7 /* Detector.swift in Sources */ = {isa = PBXBuildFile; fileRef = 1CDA397429FF9841006594E7 /* Detector.swift */; };
		1CDA397729FF9974006594E7 /* DetectionOverlayView.swift in Sources */ = {isa = PBXBuildFile; fileRef = 1CDA397629FF9974006594E7 /* DetectionOverlayView.swift */; };
		1CDA397929FF99A0006594E7 /* YOLOv3Tiny.mlmodel in Sources */ = {isa = PBXBuildFile; fileRef = 1CDA397829FF99A0006594E7 /* YOLOv3Tiny.mlmodel */; };
		1CDA397B29FF9A6A006594E7 /* Labeler.swift in Sources */ = {isa = PBXBuildFile; fileRef = 1CDA397A29FF9A6A006594E7 /* Labeler.swift */; };
/* End PBXBuildFile section */

/* Begin PBXFileReference section */
		1CDA396129FF974F006594E7 /* ObstacleDetection.app */ = {isa = PBXFileReference; explicitFileType = wrapper.application; includeInIndex = 0; path = ObstacleDetection.app; sourceTree = BUILT_PRODUCTS_DIR; };
		1CDA396429FF974F006594E7 /* ObstacleDetectionApp.swift */ = {isa = PBXFileReference; lastKnownFileType = sourcecode.swift; path = ObstacleDetectionApp.swift; sourceTree = "<group>"; };
		1CDA396629FF974F006594E7 /* ContentView.swift */ = {isa = PBXFileReference; lastKnownFileType = sourcecode.swift; path = ContentView.swift; sourceTree = "<group>"; };
		1CDA396829FF974F006594E7 /* Assets.xcassets */ = {isa = PBXFileReference; lastKnownFileType = folder.assetcatalog; path = Assets.xcassets; sourceTree = "<group>"; };
		1CDA396B29FF974F006594E7 /* Preview Assets.xcassets */ = {isa = PBXFileReference; lastKnownFileType = folder.assetcatalog; path = "Preview Assets.xcassets"; sourceTree = "<group>"; };
		1CDA397229FF9766006594E7 /* CameraView.swift */ = {isa = PBXFileReference; lastKnownFileType = sourcecode.swift; path = CameraView.swift; sourceTree = "<group>"; };
		1CDA397429FF9841006594E7 /* Detector.swift */ = {isa = PBXFileReference; lastKnownFileType = sourcecode.swift; path = Detector.swift; sourceTree = "<group>"; };
		1CDA397629FF9974006594E7 /* DetectionOverlayView.swift */ = {isa = PBXFileReference; lastKnownFileType = sourcecode.swift; path = DetectionOverlayView.swift; sourceTree = "<group>"; };
		1CDA397829FF99A0006594E7 /* YOLOv3Tiny.mlmodel */ = {isa = PBXFileReference; lastKnownFileType = file.mlmodel; name = YOLOv3Tiny.mlmodel; path = ../../../Downloads/YOLOv3Tiny.mlmodel; sourceTree = "<group>"; };
		1CDA397A29FF9A6A006594E7 /* Labeler.swift */ = {isa = PBXFileReference; lastKnownFileType = sourcecode.swift; path = Labeler.swift; sourceTree = "<group>"; };
/* End PBXFileReference section */

/* Begin PBXFrameworksBuildPhase section */
		1CDA395E29FF974F006594E7 /* Frameworks */ = {
			isa = PBXFrameworksBuildPhase;
			buildActionMask = 2147483647;
			files = (
			);
			runOnlyForDeploymentPostprocessing = 0;
		};
/* End PBXFrameworksBuildPhase section */

/* Begin PBXGroup section */
		1CDA395829FF974F006594E7 = {
			isa = PBXGroup;
			children = (
				1CDA396329FF974F006594E7 /* ObstacleDetection */,
				1CDA396229FF974F006594E7 /* Products */,
			);
			sourceTree = "<group>";
		};
		1CDA396229FF974F006594E7 /* Products */ = {
			isa = PBXGroup;
			children = (
				1CDA396129FF974F006594E7 /* ObstacleDetection.app */,
			);
			name = Products;
			sourceTree = "<group>";
		};
		1CDA396329FF974F006594E7 /* ObstacleDetection */ = {
			isa = PBXGroup;
			children = (
				1CDA397829FF99A0006594E7 /* YOLOv3Tiny.mlmodel */,
				1CDA396429FF974F006594E7 /* ObstacleDetectionApp.swift */,
				1CDA396629FF974F006594E7 /* ContentView.swift */,
				1CDA397229FF9766006594E7 /* CameraView.swift */,
				1CDA397629FF9974006594E7 /* DetectionOverlayView.swift */,
				1CDA397429FF9841006594E7 /* Detector.swift */,
				1CDA397A29FF9A6A006594E7 /* Labeler.swift */,
				1CDA396829FF974F006594E7 /* Assets.xcassets */,
				1CDA396A29FF974F006594E7 /* Preview Content */,
			);
			path = ObstacleDetection;
			sourceTree = "<group>";
		};
		1CDA396A29FF974F006594E7 /* Preview Content */ = {
			isa = PBXGroup;
			children = (
				1CDA396B29FF974F006594E7 /* Preview Assets.xcassets */,
			);
			path = "Preview Content";
			sourceTree = "<group>";
		};
/* End PBXGroup section */

/* Begin PBXNativeTarget section */
		1CDA396029FF974F006594E7 /* ObstacleDetection */ = {
			isa = PBXNativeTarget;
			buildConfigurationList = 1CDA396F29FF974F006594E7 /* Build configuration list for PBXNativeTarget "ObstacleDetection" */;
			buildPhases = (
				1CDA395D29FF974F006594E7 /* Sources */,
				1CDA395E29FF974F006594E7 /* Frameworks */,
				1CDA395F29FF974F006594E7 /* Resources */,
			);
			buildRules = (
			);
			dependencies = (
			);
			name = ObstacleDetection;
			productName = ObstacleDetection;
			productReference = 1CDA396129FF974F006594E7 /* ObstacleDetection.app */;
			productType = "com.apple.product-type.application";
		};
/* End PBXNativeTarget section */

/* Begin PBXProject section */
		1CDA395929FF974F006594E7 /* Project object */ = {
			isa = PBXProject;
			attributes = {
				BuildIndependentTargetsInParallel = 1;
				LastSwiftUpdateCheck = 1430;
				LastUpgradeCheck = 1430;
				TargetAttributes = {
					1CDA396029FF974F006594E7 = {
						CreatedOnToolsVersion = 14.3;
					};
				};
			};
			buildConfigurationList = 1CDA395C29FF974F006594E7 /* Build configuration list for PBXProject "ObstacleDetection" */;
			compatibilityVersion = "Xcode 14.0";
			developmentRegion = en;
			hasScannedForEncodings = 0;
			knownRegions = (
				en,
				Base,
			);
			mainGroup = 1CDA395829FF974F006594E7;
			productRefGroup = 1CDA396229FF974F006594E7 /* Products */;
			projectDirPath = "";
			projectRoot = "";
			targets = (
				1CDA396029FF974F006594E7 /* ObstacleDetection */,
			);
		};
/* End PBXProject section */

/* Begin PBXResourcesBuildPhase section */
		1CDA395F29FF974F006594E7 /* Resources */ = {
			isa = PBXResourcesBuildPhase;
			buildActionMask = 2147483647;
			files = (
				1CDA396C29FF974F006594E7 /* Preview Assets.xcassets in Resources */,
				1CDA396929FF974F006594E7 /* Assets.xcassets in Resources */,
			);
			runOnlyForDeploymentPostprocessing = 0;
		};
/* End PBXResourcesBuildPhase section */

/* Begin PBXSourcesBuildPhase section */
		1CDA395D29FF974F006594E7 /* Sources */ = {
			isa = PBXSourcesBuildPhase;
			buildActionMask = 2147483647;
			files = (
				1CDA397329FF9766006594E7 /* CameraView.swift in Sources */,
				1CDA397B29FF9A6A006594E7 /* Labeler.swift in Sources */,
				1CDA396729FF974F006594E7 /* ContentView.swift in Sources */,
				1CDA396529FF974F006594E7 /* ObstacleDetectionApp.swift in Sources */,
				1CDA397529FF9841006594E7 /* Detector.swift in Sources */,
				1CDA397929FF99A0006594E7 /* YOLOv3Tiny.mlmodel in Sources */,
				1CDA397729FF9974006594E7 /* DetectionOverlayView.swift in Sources */,
			);
			runOnlyForDeploymentPostprocessing = 0;
		};
/* End PBXSourcesBuildPhase section */

/* Begin XCBuildConfiguration section */
		1CDA396D29FF974F006594E7 /* Debug */ = {
			isa = XCBuildConfiguration;
			buildSettings = {
				ALWAYS_SEARCH_USER_PATHS = NO;
				CLANG_ANALYZER_NONNULL = YES;
				CLANG_ANALYZER_NUMBER_OBJECT_CONVERSION = YES_AGGRESSIVE;
				CLANG_CXX_LANGUAGE_STANDARD = "gnu++20";
				CLANG_ENABLE_MODULES = YES;
				CLANG_ENABLE_OBJC_ARC = YES;
				CLANG_ENABLE_OBJC_WEAK = YES;
				CLANG_WARN_BLOCK_CAPTURE_AUTORELEASING = YES;
				CLANG_WARN_BOOL_CONVERSION = YES;
				CLANG_WARN_COMMA = YES;
				CLANG_WARN_CONSTANT_CONVERSION = YES;
				CLANG_WARN_DEPRECATED_OBJC_IMPLEMENTATIONS = YES;
				CLANG_WARN_DIRECT_OBJC_ISA_USAGE = YES_ERROR;
				CLANG_WARN_DOCUMENTATION_COMMENTS = YES;
				CLANG_WARN_EMPTY_BODY = YES;
				CLANG_WARN_ENUM_CONVERSION = YES;
				CLANG_WARN_INFINITE_RECURSION = YES;
				CLANG_WARN_INT_CONVERSION = YES;
				CLANG_WARN_NON_LITERAL_NULL_CONVERSION = YES;
				CLANG_WARN_OBJC_IMPLICIT_RETAIN_SELF = YES;
				CLANG_WARN_OBJC_LITERAL_CONVERSION = YES;
				CLANG_WARN_OBJC_ROOT_CLASS = YES_ERROR;
				CLANG_WARN_QUOTED_INCLUDE_IN_FRAMEWORK_HEADER = YES;
				CLANG_WARN_RANGE_LOOP_ANALYSIS = YES;
				CLANG_WARN_STRICT_PROTOTYPES = YES;
				CLANG_WARN_SUSPICIOUS_MOVE = YES;
				CLANG_WARN_UNGUARDED_AVAILABILITY = YES_AGGRESSIVE;
				CLANG_WARN_UNREACHABLE_CODE = YES;
				CLANG_WARN__DUPLICATE_METHOD_MATCH = YES;
				COPY_PHASE_STRIP = NO;
				DEBUG_INFORMATION_FORMAT = dwarf;
				ENABLE_STRICT_OBJC_MSGSEND = YES;
				ENABLE_TESTABILITY = YES;
				GCC_C_LANGUAGE_STANDARD = gnu11;
				GCC_DYNAMIC_NO_PIC = NO;
				GCC_NO_COMMON_BLOCKS = YES;
				GCC_OPTIMIZATION_LEVEL = 0;
				GCC_PREPROCESSOR_DEFINITIONS = (
					"DEBUG=1",
					"$(inherited)",
				);
				GCC_WARN_64_TO_32_BIT_CONVERSION = YES;
				GCC_WARN_ABOUT_RETURN_TYPE = YES_ERROR;
				GCC_WARN_UNDECLARED_SELECTOR = YES;
				GCC_WARN_UNINITIALIZED_AUTOS = YES_AGGRESSIVE;
				GCC_WARN_UNUSED_FUNCTION = YES;
				GCC_WARN_UNUSED_VARIABLE = YES;
				IPHONEOS_DEPLOYMENT_TARGET = 16.4;
				MTL_ENABLE_DEBUG_INFO = INCLUDE_SOURCE;
				MTL_FAST_MATH = YES;
				ONLY_ACTIVE_ARCH = YES;
				SDKROOT = iphoneos;
				SWIFT_ACTIVE_COMPILATION_CONDITIONS = DEBUG;
				SWIFT_OPTIMIZATION_LEVEL = "-Onone";
			};
			name = Debug;
		};
		1CDA396E29FF974F006594E7 /* Release */ = {
			isa = XCBuildConfiguration;
			buildSettings = {
				ALWAYS_SEARCH_USER_PATHS = NO;
				CLANG_ANALYZER_NONNULL = YES;
				CLANG_ANALYZER_NUMBER_OBJECT_CONVERSION = YES_AGGRESSIVE;
				CLANG_CXX_LANGUAGE_STANDARD = "gnu++20";
				CLANG_ENABLE_MODULES = YES;
				CLANG_ENABLE_OBJC_ARC = YES;
				CLANG_ENABLE_OBJC_WEAK = YES;
				CLANG_WARN_BLOCK_CAPTURE_AUTORELEASING = YES;
				CLANG_WARN_BOOL_CONVERSION = YES;
				CLANG_WARN_COMMA = YES;
				CLANG_WARN_CONSTANT_CONVERSION = YES;
				CLANG_WARN_DEPRECATED_OBJC_IMPLEMENTATIONS = YES;
				CLANG_WARN_DIRECT_OBJC_ISA_USAGE = YES_ERROR;
				CLANG_WARN_DOCUMENTATION_COMMENTS = YES;
				CLANG_WARN_EMPTY_BODY = YES;
				CLANG_WARN_ENUM_CONVERSION = YES;
				CLANG_WARN_INFINITE_RECURSION = YES;
				CLANG_WARN_INT_CONVERSION = YES;
				CLANG_WARN_NON_LITERAL_NULL_CONVERSION = YES;
				CLANG_WARN_OBJC_IMPLICIT_RETAIN_SELF = YES;
				CLANG_WARN_OBJC_LITERAL_CONVERSION = YES;
				CLANG_WARN_OBJC_ROOT_CLASS = YES_ERROR;
				CLANG_WARN_QUOTED_INCLUDE_IN_FRAMEWORK_HEADER = YES;
				CLANG_WARN_RANGE_LOOP_ANALYSIS = YES;
				CLANG_WARN_STRICT_PROTOTYPES = YES;
				CLANG_WARN_SUSPICIOUS_MOVE = YES;
				CLANG_WARN_UNGUARDED_AVAILABILITY = YES_AGGRESSIVE;
				CLANG_WARN_UNREACHABLE_CODE = YES;
				CLANG_WARN__DUPLICATE_METHOD_MATCH = YES;
				COPY_PHASE_STRIP = NO;
				DEBUG_INFORMATION_FORMAT = "dwarf-with-dsym";
				ENABLE_NS_ASSERTIONS = NO;
				ENABLE_STRICT_OBJC_MSGSEND = YES;
				GCC_C_LANGUAGE_STANDARD = gnu11;
				GCC_NO_COMMON_BLOCKS = YES;
				GCC_WARN_64_TO_32_BIT_CONVERSION = YES;
				GCC_WARN_ABOUT_RETURN_TYPE = YES_ERROR;
				GCC_WARN_UNDECLARED_SELECTOR = YES;
				GCC_WARN_UNINITIALIZED_AUTOS = YES_AGGRESSIVE;
				GCC_WARN_UNUSED_FUNCTION = YES;
				GCC_WARN_UNUSED_VARIABLE = YES;
				IPHONEOS_DEPLOYMENT_TARGET = 16.4;
				MTL_ENABLE_DEBUG_INFO = NO;
				MTL_FAST_MATH = YES;
				SDKROOT = iphoneos;
				SWIFT_COMPILATION_MODE = wholemodule;
				SWIFT_OPTIMIZATION_LEVEL = "-O";
				VALIDATE_PRODUCT = YES;
			};
			name = Release;
		};
		1CDA397029FF974F006594E7 /* Debug */ = {
			isa = XCBuildConfiguration;
			buildSettings = {
				ASSETCATALOG_COMPILER_APPICON_NAME = AppIcon;
				ASSETCATALOG_COMPILER_GLOBAL_ACCENT_COLOR_NAME = AccentColor;
				CODE_SIGN_STYLE = Automatic;
				CURRENT_PROJECT_VERSION = 1;
				DEVELOPMENT_ASSET_PATHS = "\"ObstacleDetection/Preview Content\"";
				DEVELOPMENT_TEAM = 4CLS27ED5N;
				ENABLE_PREVIEWS = YES;
				GENERATE_INFOPLIST_FILE = YES;
				INFOPLIST_KEY_NSCameraUsageDescription = "애플리케이션을 사용하기 위해 카메라 접근 권한을 허용해야 합니다.";
				INFOPLIST_KEY_UIApplicationSceneManifest_Generation = YES;
				INFOPLIST_KEY_UIApplicationSupportsIndirectInputEvents = YES;
				INFOPLIST_KEY_UILaunchScreen_Generation = YES;
				INFOPLIST_KEY_UISupportedInterfaceOrientations = "UIInterfaceOrientationLandscapeLeft UIInterfaceOrientationLandscapeRight UIInterfaceOrientationPortrait";
				IPHONEOS_DEPLOYMENT_TARGET = 14.0;
				LD_RUNPATH_SEARCH_PATHS = (
					"$(inherited)",
					"@executable_path/Frameworks",
				);
				MARKETING_VERSION = 1.0;
				PRODUCT_BUNDLE_IDENTIFIER = YujinKim.ObstacleDetection;
				PRODUCT_NAME = "$(TARGET_NAME)";
				SUPPORTED_PLATFORMS = "iphoneos iphonesimulator";
				SUPPORTS_MACCATALYST = NO;
				SUPPORTS_MAC_DESIGNED_FOR_IPHONE_IPAD = NO;
				SWIFT_EMIT_LOC_STRINGS = YES;
				SWIFT_VERSION = 5.0;
				TARGETED_DEVICE_FAMILY = "1,2";
			};
			name = Debug;
		};
		1CDA397129FF974F006594E7 /* Release */ = {
			isa = XCBuildConfiguration;
			buildSettings = {
				ASSETCATALOG_COMPILER_APPICON_NAME = AppIcon;
				ASSETCATALOG_COMPILER_GLOBAL_ACCENT_COLOR_NAME = AccentColor;
				CODE_SIGN_STYLE = Automatic;
				CURRENT_PROJECT_VERSION = 1;
				DEVELOPMENT_ASSET_PATHS = "\"ObstacleDetection/Preview Content\"";
				DEVELOPMENT_TEAM = 4CLS27ED5N;
				ENABLE_PREVIEWS = YES;
				GENERATE_INFOPLIST_FILE = YES;
				INFOPLIST_KEY_NSCameraUsageDescription = "애플리케이션을 사용하기 위해 카메라 접근 권한을 허용해야 합니다.";
				INFOPLIST_KEY_UIApplicationSceneManifest_Generation = YES;
				INFOPLIST_KEY_UIApplicationSupportsIndirectInputEvents = YES;
				INFOPLIST_KEY_UILaunchScreen_Generation = YES;
				INFOPLIST_KEY_UISupportedInterfaceOrientations = "UIInterfaceOrientationLandscapeLeft UIInterfaceOrientationLandscapeRight UIInterfaceOrientationPortrait";
				IPHONEOS_DEPLOYMENT_TARGET = 14.0;
				LD_RUNPATH_SEARCH_PATHS = (
					"$(inherited)",
					"@executable_path/Frameworks",
				);
				MARKETING_VERSION = 1.0;
				PRODUCT_BUNDLE_IDENTIFIER = YujinKim.ObstacleDetection;
				PRODUCT_NAME = "$(TARGET_NAME)";
				SUPPORTED_PLATFORMS = "iphoneos iphonesimulator";
				SUPPORTS_MACCATALYST = NO;
				SUPPORTS_MAC_DESIGNED_FOR_IPHONE_IPAD = NO;
				SWIFT_EMIT_LOC_STRINGS = YES;
				SWIFT_VERSION = 5.0;
				TARGETED_DEVICE_FAMILY = "1,2";
			};
			name = Release;
		};
/* End XCBuildConfiguration section */

/* Begin XCConfigurationList section */
		1CDA395C29FF974F006594E7 /* Build configuration list for PBXProject "ObstacleDetection" */ = {
			isa = XCConfigurationList;
			buildConfigurations = (
				1CDA396D29FF974F006594E7 /* Debug */,
				1CDA396E29FF974F006594E7 /* Release */,
			);
			defaultConfigurationIsVisible = 0;
			defaultConfigurationName = Release;
		};
		1CDA396F29FF974F006594E7 /* Build configuration list for PBXNativeTarget "ObstacleDetection" */ = {
			isa = XCConfigurationList;
			buildConfigurations = (
				1CDA397029FF974F006594E7 /* Debug */,
				1CDA397129FF974F006594E7 /* Release */,
			);
			defaultConfigurationIsVisible = 0;
			defaultConfigurationName = Release;
		};
/* End XCConfigurationList section */
	};
	rootObject = 1CDA395929FF974F006594E7 /* Project object */;
}
